
Microsoft Visual Studio Solution File, Format Version 12.00
# Visual Studio Version 16
VisualStudioVersion = 16.0.29609.76
MinimumVisualStudioVersion = 10.0.40219.1
Project("{FAE04EC0-301F-11D3-BF4B-00C04F79EFBC}") = "CompanionPane", "CompanionPane\CompanionPane.csproj", "{47F4D795-79CD-472B-8009-614D5D218AF2}"
EndProject
Project("{FAE04EC0-301F-11D3-BF4B-00C04F79EFBC}") = "DualView", "DualView\DualView.csproj", "{A055D706-1D43-4EBF-A65F-B027D9C894D7}"
EndProject
Project("{FAE04EC0-301F-11D3-BF4B-00C04F79EFBC}") = "ExtendCanvas", "ExtendCanvas\ExtendCanvas.csproj", "{718DD613-C844-4D09-A20F-1A3FD8941FE5}"
EndProject
Project("{FAE04EC0-301F-11D3-BF4B-00C04F79EFBC}") = "MasterDetail", "MasterDetail\MasterDetail.csproj", "{F8DB8953-1A58-4EC1-A971-4976036B4BBE}"
EndProject
Project("{FAE04EC0-301F-11D3-BF4B-00C04F79EFBC}") = "TwoPage", "TwoPage\TwoPage.csproj", "{F5A0B7D5-0A06-4376-97B5-1D9BADDBBFAD}"
EndProject
Project("{2150E333-8FDC-42A3-9474-1A3956D46DE8}") = "Xamarin.Forms", "Xamarin.Forms", "{2F5CD993-0517-4738-95D2-6CA62C7A29D6}"
EndProject
Project("{2150E333-8FDC-42A3-9474-1A3956D46DE8}") = "Xamarin.Android Native", "Xamarin.Android Native", "{CB956396-560E-4974-9CE4-0EBC33AB1E12}"
EndProject
Project("{9A19103F-16F7-4668-BE54-9A1E7A4F7556}") = "DualScreenDemos", "XamarinForms\DualScreenDemos\DualScreenDemos.csproj", "{E1789B3D-1000-4D57-91F1-4A2017DDAB06}"
EndProject
Project("{FAE04EC0-301F-11D3-BF4B-00C04F79EFBC}") = "DualScreenDemos.Android", "XamarinForms\DualScreenDemos.Android\DualScreenDemos.Android.csproj", "{1C4A0879-2ED8-4722-8BDC-90F46FFAB11B}"
EndProject
Project("{FAE04EC0-301F-11D3-BF4B-00C04F79EFBC}") = "IntentToSecondScreen", "IntentToSecondScreen\IntentToSecondScreen.csproj", "{4D77AA39-048C-4733-BE7F-BD41C8EE278B}"
EndProject
Project("{FAE04EC0-301F-11D3-BF4B-00C04F79EFBC}") = "DragAndDrop", "DragAndDrop\DragAndDrop.csproj", "{9B727405-CB01-4FCD-9134-9040F230F741}"
EndProject
Global
	GlobalSection(SolutionConfigurationPlatforms) = preSolution
		Debug|Any CPU = Debug|Any CPU
		Release|Any CPU = Release|Any CPU
	EndGlobalSection
	GlobalSection(ProjectConfigurationPlatforms) = postSolution
		{47F4D795-79CD-472B-8009-614D5D218AF2}.Debug|Any CPU.ActiveCfg = Debug|Any CPU
		{47F4D795-79CD-472B-8009-614D5D218AF2}.Debug|Any CPU.Build.0 = Debug|Any CPU
		{47F4D795-79CD-472B-8009-614D5D218AF2}.Debug|Any CPU.Deploy.0 = Debug|Any CPU
		{47F4D795-79CD-472B-8009-614D5D218AF2}.Release|Any CPU.ActiveCfg = Release|Any CPU
		{47F4D795-79CD-472B-8009-614D5D218AF2}.Release|Any CPU.Build.0 = Release|Any CPU
		{47F4D795-79CD-472B-8009-614D5D218AF2}.Release|Any CPU.Deploy.0 = Release|Any CPU
		{A055D706-1D43-4EBF-A65F-B027D9C894D7}.Debug|Any CPU.ActiveCfg = Debug|Any CPU
		{A055D706-1D43-4EBF-A65F-B027D9C894D7}.Debug|Any CPU.Build.0 = Debug|Any CPU
		{A055D706-1D43-4EBF-A65F-B027D9C894D7}.Debug|Any CPU.Deploy.0 = Debug|Any CPU
		{A055D706-1D43-4EBF-A65F-B027D9C894D7}.Release|Any CPU.ActiveCfg = Release|Any CPU
		{A055D706-1D43-4EBF-A65F-B027D9C894D7}.Release|Any CPU.Build.0 = Release|Any CPU
		{A055D706-1D43-4EBF-A65F-B027D9C894D7}.Release|Any CPU.Deploy.0 = Release|Any CPU
		{718DD613-C844-4D09-A20F-1A3FD8941FE5}.Debug|Any CPU.ActiveCfg = Debug|Any CPU
		{718DD613-C844-4D09-A20F-1A3FD8941FE5}.Debug|Any CPU.Build.0 = Debug|Any CPU
		{718DD613-C844-4D09-A20F-1A3FD8941FE5}.Debug|Any CPU.Deploy.0 = Debug|Any CPU
		{718DD613-C844-4D09-A20F-1A3FD8941FE5}.Release|Any CPU.ActiveCfg = Release|Any CPU
		{718DD613-C844-4D09-A20F-1A3FD8941FE5}.Release|Any CPU.Build.0 = Release|Any CPU
		{718DD613-C844-4D09-A20F-1A3FD8941FE5}.Release|Any CPU.Deploy.0 = Release|Any CPU
		{F8DB8953-1A58-4EC1-A971-4976036B4BBE}.Debug|Any CPU.ActiveCfg = Debug|Any CPU
		{F8DB8953-1A58-4EC1-A971-4976036B4BBE}.Debug|Any CPU.Build.0 = Debug|Any CPU
		{F8DB8953-1A58-4EC1-A971-4976036B4BBE}.Debug|Any CPU.Deploy.0 = Debug|Any CPU
		{F8DB8953-1A58-4EC1-A971-4976036B4BBE}.Release|Any CPU.ActiveCfg = Release|Any CPU
		{F8DB8953-1A58-4EC1-A971-4976036B4BBE}.Release|Any CPU.Build.0 = Release|Any CPU
		{F8DB8953-1A58-4EC1-A971-4976036B4BBE}.Release|Any CPU.Deploy.0 = Release|Any CPU
		{F5A0B7D5-0A06-4376-97B5-1D9BADDBBFAD}.Debug|Any CPU.ActiveCfg = Debug|Any CPU
		{F5A0B7D5-0A06-4376-97B5-1D9BADDBBFAD}.Debug|Any CPU.Build.0 = Debug|Any CPU
		{F5A0B7D5-0A06-4376-97B5-1D9BADDBBFAD}.Debug|Any CPU.Deploy.0 = Debug|Any CPU
		{F5A0B7D5-0A06-4376-97B5-1D9BADDBBFAD}.Release|Any CPU.ActiveCfg = Release|Any CPU
		{F5A0B7D5-0A06-4376-97B5-1D9BADDBBFAD}.Release|Any CPU.Build.0 = Release|Any CPU
		{F5A0B7D5-0A06-4376-97B5-1D9BADDBBFAD}.Release|Any CPU.Deploy.0 = Release|Any CPU
		{E1789B3D-1000-4D57-91F1-4A2017DDAB06}.Debug|Any CPU.ActiveCfg = Debug|Any CPU
		{E1789B3D-1000-4D57-91F1-4A2017DDAB06}.Debug|Any CPU.Build.0 = Debug|Any CPU
		{E1789B3D-1000-4D57-91F1-4A2017DDAB06}.Release|Any CPU.ActiveCfg = Release|Any CPU
		{E1789B3D-1000-4D57-91F1-4A2017DDAB06}.Release|Any CPU.Build.0 = Release|Any CPU
		{1C4A0879-2ED8-4722-8BDC-90F46FFAB11B}.Debug|Any CPU.ActiveCfg = Debug|Any CPU
		{1C4A0879-2ED8-4722-8BDC-90F46FFAB11B}.Debug|Any CPU.Build.0 = Debug|Any CPU
		{1C4A0879-2ED8-4722-8BDC-90F46FFAB11B}.Debug|Any CPU.Deploy.0 = Debug|Any CPU
		{1C4A0879-2ED8-4722-8BDC-90F46FFAB11B}.Release|Any CPU.ActiveCfg = Release|Any CPU
		{1C4A0879-2ED8-4722-8BDC-90F46FFAB11B}.Release|Any CPU.Build.0 = Release|Any CPU
		{4D77AA39-048C-4733-BE7F-BD41C8EE278B}.Debug|Any CPU.ActiveCfg = Debug|Any CPU
		{4D77AA39-048C-4733-BE7F-BD41C8EE278B}.Debug|Any CPU.Build.0 = Debug|Any CPU
		{4D77AA39-048C-4733-BE7F-BD41C8EE278B}.Debug|Any CPU.Deploy.0 = Debug|Any CPU
		{4D77AA39-048C-4733-BE7F-BD41C8EE278B}.Release|Any CPU.ActiveCfg = Release|Any CPU
		{4D77AA39-048C-4733-BE7F-BD41C8EE278B}.Release|Any CPU.Build.0 = Release|Any CPU
		{4D77AA39-048C-4733-BE7F-BD41C8EE278B}.Release|Any CPU.Deploy.0 = Release|Any CPU
		{9B727405-CB01-4FCD-9134-9040F230F741}.Debug|Any CPU.ActiveCfg = Debug|Any CPU
		{9B727405-CB01-4FCD-9134-9040F230F741}.Debug|Any CPU.Build.0 = Debug|Any CPU
		{9B727405-CB01-4FCD-9134-9040F230F741}.Debug|Any CPU.Deploy.0 = Debug|Any CPU
		{9B727405-CB01-4FCD-9134-9040F230F741}.Release|Any CPU.ActiveCfg = Release|Any CPU
		{9B727405-CB01-4FCD-9134-9040F230F741}.Release|Any CPU.Build.0 = Release|Any CPU
		{9B727405-CB01-4FCD-9134-9040F230F741}.Release|Any CPU.Deploy.0 = Release|Any CPU
	EndGlobalSection
	GlobalSection(SolutionProperties) = preSolution
		HideSolutionNode = FALSE
	EndGlobalSection
	GlobalSection(NestedProjects) = preSolution
		{47F4D795-79CD-472B-8009-614D5D218AF2} = {CB956396-560E-4974-9CE4-0EBC33AB1E12}
		{A055D706-1D43-4EBF-A65F-B027D9C894D7} = {CB956396-560E-4974-9CE4-0EBC33AB1E12}
		{718DD613-C844-4D09-A20F-1A3FD8941FE5} = {CB956396-560E-4974-9CE4-0EBC33AB1E12}
		{F8DB8953-1A58-4EC1-A971-4976036B4BBE} = {CB956396-560E-4974-9CE4-0EBC33AB1E12}
		{F5A0B7D5-0A06-4376-97B5-1D9BADDBBFAD} = {CB956396-560E-4974-9CE4-0EBC33AB1E12}
		{E1789B3D-1000-4D57-91F1-4A2017DDAB06} = {2F5CD993-0517-4738-95D2-6CA62C7A29D6}
		{1C4A0879-2ED8-4722-8BDC-90F46FFAB11B} = {2F5CD993-0517-4738-95D2-6CA62C7A29D6}
		{4D77AA39-048C-4733-BE7F-BD41C8EE278B} = {CB956396-560E-4974-9CE4-0EBC33AB1E12}
		{9B727405-CB01-4FCD-9134-9040F230F741} = {CB956396-560E-4974-9CE4-0EBC33AB1E12}
	EndGlobalSection
	GlobalSection(ExtensibilityGlobals) = postSolution
		SolutionGuid = {3B8A9A9E-B7A6-4318-BA6C-715546DFFFB6}
	EndGlobalSection
EndGlobal
